// !$*UTF8*$!
{
	archiveVersion = 1;
	classes = {
	};
	objectVersion = 46;
	objects = {

/* Begin PBXBuildFile section */
		2DA98DE519E1DB4800A6A7C1 /* AppDelegate.swift in Sources */ = {isa = PBXBuildFile; fileRef = 2DA98DE419E1DB4800A6A7C1 /* AppDelegate.swift */; };
		2DA98DEA19E1DB4800A6A7C1 /* Main.storyboard in Resources */ = {isa = PBXBuildFile; fileRef = 2DA98DE819E1DB4800A6A7C1 /* Main.storyboard */; };
		2DA98DEC19E1DB4800A6A7C1 /* Images.xcassets in Resources */ = {isa = PBXBuildFile; fileRef = 2DA98DEB19E1DB4800A6A7C1 /* Images.xcassets */; };
		2DA98DEF19E1DB4800A6A7C1 /* LaunchScreen.xib in Resources */ = {isa = PBXBuildFile; fileRef = 2DA98DED19E1DB4800A6A7C1 /* LaunchScreen.xib */; };
		2DA98DFB19E1DB4800A6A7C1 /* PanorificTests.swift in Sources */ = {isa = PBXBuildFile; fileRef = 2DA98DFA19E1DB4800A6A7C1 /* PanorificTests.swift */; };
		2DA98E0519E1DB8F00A6A7C1 /* PanorificViewController.swift in Sources */ = {isa = PBXBuildFile; fileRef = 2DA98E0419E1DB8F00A6A7C1 /* PanorificViewController.swift */; };
		2DA98E0719E1DBC200A6A7C1 /* PanorificScrollBarView.swift in Sources */ = {isa = PBXBuildFile; fileRef = 2DA98E0619E1DBC200A6A7C1 /* PanorificScrollBarView.swift */; };
/* End PBXBuildFile section */

/* Begin PBXContainerItemProxy section */
		2DA98DF519E1DB4800A6A7C1 /* PBXContainerItemProxy */ = {
			isa = PBXContainerItemProxy;
			containerPortal = 2DA98DD719E1DB4800A6A7C1 /* Project object */;
			proxyType = 1;
			remoteGlobalIDString = 2DA98DDE19E1DB4800A6A7C1;
			remoteInfo = Panorific;
		};
/* End PBXContainerItemProxy section */

/* Begin PBXFileReference section */
		2DA98DDF19E1DB4800A6A7C1 /* Panorific.app */ = {isa = PBXFileReference; explicitFileType = wrapper.application; includeInIndex = 0; path = Panorific.app; sourceTree = BUILT_PRODUCTS_DIR; };
		2DA98DE319E1DB4800A6A7C1 /* Info.plist */ = {isa = PBXFileReference; lastKnownFileType = text.plist.xml; path = Info.plist; sourceTree = "<group>"; };
		2DA98DE419E1DB4800A6A7C1 /* AppDelegate.swift */ = {isa = PBXFileReference; lastKnownFileType = sourcecode.swift; path = AppDelegate.swift; sourceTree = "<group>"; };
		2DA98DE919E1DB4800A6A7C1 /* Base */ = {isa = PBXFileReference; lastKnownFileType = file.storyboard; name = Base; path = Base.lproj/Main.storyboard; sourceTree = "<group>"; };
		2DA98DEB19E1DB4800A6A7C1 /* Images.xcassets */ = {isa = PBXFileReference; lastKnownFileType = folder.assetcatalog; path = Images.xcassets; sourceTree = "<group>"; };
		2DA98DEE19E1DB4800A6A7C1 /* Base */ = {isa = PBXFileReference; lastKnownFileType = file.xib; name = Base; path = Base.lproj/LaunchScreen.xib; sourceTree = "<group>"; };
		2DA98DF419E1DB4800A6A7C1 /* PanorificTests.xctest */ = {isa = PBXFileReference; explicitFileType = wrapper.cfbundle; includeInIndex = 0; path = PanorificTests.xctest; sourceTree = BUILT_PRODUCTS_DIR; };
		2DA98DF919E1DB4800A6A7C1 /* Info.plist */ = {isa = PBXFileReference; lastKnownFileType = text.plist.xml; path = Info.plist; sourceTree = "<group>"; };
		2DA98DFA19E1DB4800A6A7C1 /* PanorificTests.swift */ = {isa = PBXFileReference; lastKnownFileType = sourcecode.swift; path = PanorificTests.swift; sourceTree = "<group>"; };
		2DA98E0419E1DB8F00A6A7C1 /* PanorificViewController.swift */ = {isa = PBXFileReference; fileEncoding = 4; lastKnownFileType = sourcecode.swift; path = PanorificViewController.swift; sourceTree = "<group>"; };
		2DA98E0619E1DBC200A6A7C1 /* PanorificScrollBarView.swift */ = {isa = PBXFileReference; fileEncoding = 4; lastKnownFileType = sourcecode.swift; path = PanorificScrollBarView.swift; sourceTree = "<group>"; };
/* End PBXFileReference section */

/* Begin PBXFrameworksBuildPhase section */
		2DA98DDC19E1DB4800A6A7C1 /* Frameworks */ = {
			isa = PBXFrameworksBuildPhase;
			buildActionMask = 2147483647;
			files = (
			);
			runOnlyForDeploymentPostprocessing = 0;
		};
		2DA98DF119E1DB4800A6A7C1 /* Frameworks */ = {
			isa = PBXFrameworksBuildPhase;
			buildActionMask = 2147483647;
			files = (
			);
			runOnlyForDeploymentPostprocessing = 0;
		};
/* End PBXFrameworksBuildPhase section */

/* Begin PBXGroup section */
		2DA98DD619E1DB4800A6A7C1 = {
			isa = PBXGroup;
			children = (
				2DA98DE119E1DB4800A6A7C1 /* Panorific */,
				2DA98DF719E1DB4800A6A7C1 /* PanorificTests */,
				2DA98DE019E1DB4800A6A7C1 /* Products */,
			);
			sourceTree = "<group>";
		};
		2DA98DE019E1DB4800A6A7C1 /* Products */ = {
			isa = PBXGroup;
			children = (
				2DA98DDF19E1DB4800A6A7C1 /* Panorific.app */,
				2DA98DF419E1DB4800A6A7C1 /* PanorificTests.xctest */,
			);
			name = Products;
			sourceTree = "<group>";
		};
		2DA98DE119E1DB4800A6A7C1 /* Panorific */ = {
			isa = PBXGroup;
			children = (
				2DA98DE419E1DB4800A6A7C1 /* AppDelegate.swift */,
				2DA98E0419E1DB8F00A6A7C1 /* PanorificViewController.swift */,
				2DA98E0619E1DBC200A6A7C1 /* PanorificScrollBarView.swift */,
				2DA98DE819E1DB4800A6A7C1 /* Main.storyboard */,
				2DA98DEB19E1DB4800A6A7C1 /* Images.xcassets */,
				2DA98DED19E1DB4800A6A7C1 /* LaunchScreen.xib */,
				2DA98DE219E1DB4800A6A7C1 /* Supporting Files */,
			);
			path = Panorific;
			sourceTree = "<group>";
		};
		2DA98DE219E1DB4800A6A7C1 /* Supporting Files */ = {
			isa = PBXGroup;
			children = (
				2DA98DE319E1DB4800A6A7C1 /* Info.plist */,
			);
			name = "Supporting Files";
			sourceTree = "<group>";
		};
		2DA98DF719E1DB4800A6A7C1 /* PanorificTests */ = {
			isa = PBXGroup;
			children = (
				2DA98DFA19E1DB4800A6A7C1 /* PanorificTests.swift */,
				2DA98DF819E1DB4800A6A7C1 /* Supporting Files */,
			);
			path = PanorificTests;
			sourceTree = "<group>";
		};
		2DA98DF819E1DB4800A6A7C1 /* Supporting Files */ = {
			isa = PBXGroup;
			children = (
				2DA98DF919E1DB4800A6A7C1 /* Info.plist */,
			);
			name = "Supporting Files";
			sourceTree = "<group>";
		};
/* End PBXGroup section */

/* Begin PBXNativeTarget section */
		2DA98DDE19E1DB4800A6A7C1 /* Panorific */ = {
			isa = PBXNativeTarget;
			buildConfigurationList = 2DA98DFE19E1DB4800A6A7C1 /* Build configuration list for PBXNativeTarget "Panorific" */;
			buildPhases = (
				2DA98DDB19E1DB4800A6A7C1 /* Sources */,
				2DA98DDC19E1DB4800A6A7C1 /* Frameworks */,
				2DA98DDD19E1DB4800A6A7C1 /* Resources */,
			);
			buildRules = (
			);
			dependencies = (
			);
			name = Panorific;
			productName = Panorific;
			productReference = 2DA98DDF19E1DB4800A6A7C1 /* Panorific.app */;
			productType = "com.apple.product-type.application";
		};
		2DA98DF319E1DB4800A6A7C1 /* PanorificTests */ = {
			isa = PBXNativeTarget;
			buildConfigurationList = 2DA98E0119E1DB4800A6A7C1 /* Build configuration list for PBXNativeTarget "PanorificTests" */;
			buildPhases = (
				2DA98DF019E1DB4800A6A7C1 /* Sources */,
				2DA98DF119E1DB4800A6A7C1 /* Frameworks */,
				2DA98DF219E1DB4800A6A7C1 /* Resources */,
			);
			buildRules = (
			);
			dependencies = (
				2DA98DF619E1DB4800A6A7C1 /* PBXTargetDependency */,
			);
			name = PanorificTests;
			productName = PanorificTests;
			productReference = 2DA98DF419E1DB4800A6A7C1 /* PanorificTests.xctest */;
			productType = "com.apple.product-type.bundle.unit-test";
		};
/* End PBXNativeTarget section */

/* Begin PBXProject section */
		2DA98DD719E1DB4800A6A7C1 /* Project object */ = {
			isa = PBXProject;
			attributes = {
				LastSwiftMigration = 0710;
				LastSwiftUpdateCheck = 0710;
				LastUpgradeCheck = 0710;
				ORGANIZATIONNAME = "Naji Dmeiri";
				TargetAttributes = {
					2DA98DDE19E1DB4800A6A7C1 = {
						CreatedOnToolsVersion = 6.0.1;
					};
					2DA98DF319E1DB4800A6A7C1 = {
						CreatedOnToolsVersion = 6.0.1;
						TestTargetID = 2DA98DDE19E1DB4800A6A7C1;
					};
				};
			};
			buildConfigurationList = 2DA98DDA19E1DB4800A6A7C1 /* Build configuration list for PBXProject "Panorific" */;
			compatibilityVersion = "Xcode 3.2";
			developmentRegion = English;
			hasScannedForEncodings = 0;
			knownRegions = (
				en,
				Base,
			);
			mainGroup = 2DA98DD619E1DB4800A6A7C1;
			productRefGroup = 2DA98DE019E1DB4800A6A7C1 /* Products */;
			projectDirPath = "";
			projectRoot = "";
			targets = (
				2DA98DDE19E1DB4800A6A7C1 /* Panorific */,
				2DA98DF319E1DB4800A6A7C1 /* PanorificTests */,
			);
		};
/* End PBXProject section */

/* Begin PBXResourcesBuildPhase section */
		2DA98DDD19E1DB4800A6A7C1 /* Resources */ = {
			isa = PBXResourcesBuildPhase;
			buildActionMask = 2147483647;
			files = (
				2DA98DEA19E1DB4800A6A7C1 /* Main.storyboard in Resources */,
				2DA98DEF19E1DB4800A6A7C1 /* LaunchScreen.xib in Resources */,
				2DA98DEC19E1DB4800A6A7C1 /* Images.xcassets in Resources */,
			);
			runOnlyForDeploymentPostprocessing = 0;
		};
		2DA98DF219E1DB4800A6A7C1 /* Resources */ = {
			isa = PBXResourcesBuildPhase;
			buildActionMask = 2147483647;
			files = (
			);
			runOnlyForDeploymentPostprocessing = 0;
		};
/* End PBXResourcesBuildPhase section */

/* Begin PBXSourcesBuildPhase section */
		2DA98DDB19E1DB4800A6A7C1 /* Sources */ = {
			isa = PBXSourcesBuildPhase;
			buildActionMask = 2147483647;
			files = (
				2DA98E0519E1DB8F00A6A7C1 /* PanorificViewController.swift in Sources */,
				2DA98DE519E1DB4800A6A7C1 /* AppDelegate.swift in Sources */,
				2DA98E0719E1DBC200A6A7C1 /* PanorificScrollBarView.swift in Sources */,
			);
			runOnlyForDeploymentPostprocessing = 0;
		};
		2DA98DF019E1DB4800A6A7C1 /* Sources */ = {
			isa = PBXSourcesBuildPhase;
			buildActionMask = 2147483647;
			files = (
				2DA98DFB19E1DB4800A6A7C1 /* PanorificTests.swift in Sources */,
			);
			runOnlyForDeploymentPostprocessing = 0;
		};
/* End PBXSourcesBuildPhase section */

/* Begin PBXTargetDependency section */
		2DA98DF619E1DB4800A6A7C1 /* PBXTargetDependency */ = {
			isa = PBXTargetDependency;
			target = 2DA98DDE19E1DB4800A6A7C1 /* Panorific */;
			targetProxy = 2DA98DF519E1DB4800A6A7C1 /* PBXContainerItemProxy */;
		};
/* End PBXTargetDependency section */

/* Begin PBXVariantGroup section */
		2DA98DE819E1DB4800A6A7C1 /* Main.storyboard */ = {
			isa = PBXVariantGroup;
			children = (
				2DA98DE919E1DB4800A6A7C1 /* Base */,
			);
			name = Main.storyboard;
			sourceTree = "<group>";
		};
		2DA98DED19E1DB4800A6A7C1 /* LaunchScreen.xib */ = {
			isa = PBXVariantGroup;
			children = (
				2DA98DEE19E1DB4800A6A7C1 /* Base */,
			);
			name = LaunchScreen.xib;
			sourceTree = "<group>";
		};
/* End PBXVariantGroup section */

/* Begin XCBuildConfiguration section */
		2DA98DFC19E1DB4800A6A7C1 /* Debug */ = {
			isa = XCBuildConfiguration;
			buildSettings = {
				ALWAYS_SEARCH_USER_PATHS = NO;
				CLANG_CXX_LANGUAGE_STANDARD = "gnu++0x";
				CLANG_CXX_LIBRARY = "libc++";
				CLANG_ENABLE_MODULES = YES;
				CLANG_ENABLE_OBJC_ARC = YES;
				CLANG_WARN_BOOL_CONVERSION = YES;
				CLANG_WARN_CONSTANT_CONVERSION = YES;
				CLANG_WARN_DIRECT_OBJC_ISA_USAGE = YES_ERROR;
				CLANG_WARN_EMPTY_BODY = YES;
				CLANG_WARN_ENUM_CONVERSION = YES;
				CLANG_WARN_INT_CONVERSION = YES;
				CLANG_WARN_OBJC_ROOT_CLASS = YES_ERROR;
				CLANG_WARN_UNREACHABLE_CODE = YES;
				CLANG_WARN__DUPLICATE_METHOD_MATCH = YES;
				"CODE_SIGN_IDENTITY[sdk=iphoneos*]" = "iPhone Developer";
				COPY_PHASE_STRIP = NO;
				ENABLE_STRICT_OBJC_MSGSEND = YES;
				ENABLE_TESTABILITY = YES;
				GCC_C_LANGUAGE_STANDARD = gnu99;
				GCC_DYNAMIC_NO_PIC = NO;
				GCC_OPTIMIZATION_LEVEL = 0;
				GCC_PREPROCESSOR_DEFINITIONS = (
					"DEBUG=1",
					"$(inherited)",
				);
				GCC_SYMBOLS_PRIVATE_EXTERN = NO;
				GCC_WARN_64_TO_32_BIT_CONVERSION = YES;
				GCC_WARN_ABOUT_RETURN_TYPE = YES_ERROR;
				GCC_WARN_UNDECLARED_SELECTOR = YES;
				GCC_WARN_UNINITIALIZED_AUTOS = YES_AGGRESSIVE;
				GCC_WARN_UNUSED_FUNCTION = YES;
				GCC_WARN_UNUSED_VARIABLE = YES;
				IPHONEOS_DEPLOYMENT_TARGET = 8.0;
				MTL_ENABLE_DEBUG_INFO = YES;
				ONLY_ACTIVE_ARCH = YES;
				SDKROOT = iphoneos;
				SWIFT_OPTIMIZATION_LEVEL = "-Onone";
			};
			name = Debug;
		};
		2DA98DFD19E1DB4800A6A7C1 /* Release */ = {
			isa = XCBuildConfiguration;
			buildSettings = {
				ALWAYS_SEARCH_USER_PATHS = NO;
				CLANG_CXX_LANGUAGE_STANDARD = "gnu++0x";
				CLANG_CXX_LIBRARY = "libc++";
				CLANG_ENABLE_MODULES = YES;
				CLANG_ENABLE_OBJC_ARC = YES;
				CLANG_WARN_BOOL_CONVERSION = YES;
				CLANG_WARN_CONSTANT_CONVERSION = YES;
				CLANG_WARN_DIRECT_OBJC_ISA_USAGE = YES_ERROR;
				CLANG_WARN_EMPTY_BODY = YES;
				CLANG_WARN_ENUM_CONVERSION = YES;
				CLANG_WARN_INT_CONVERSION = YES;
				CLANG_WARN_OBJC_ROOT_CLASS = YES_ERROR;
				CLANG_WARN_UNREACHABLE_CODE = YES;
				CLANG_WARN__DUPLICATE_METHOD_MATCH = YES;
				"CODE_SIGN_IDENTITY[sdk=iphoneos*]" = "iPhone Developer";
				COPY_PHASE_STRIP = YES;
				ENABLE_NS_ASSERTIONS = NO;
				ENABLE_STRICT_OBJC_MSGSEND = YES;
				GCC_C_LANGUAGE_STANDARD = gnu99;
				GCC_WARN_64_TO_32_BIT_CONVERSION = YES;
				GCC_WARN_ABOUT_RETURN_TYPE = YES_ERROR;
				GCC_WARN_UNDECLARED_SELECTOR = YES;
				GCC_WARN_UNINITIALIZED_AUTOS = YES_AGGRESSIVE;
				GCC_WARN_UNUSED_FUNCTION = YES;
				GCC_WARN_UNUSED_VARIABLE = YES;
				IPHONEOS_DEPLOYMENT_TARGET = 8.0;
				MTL_ENABLE_DEBUG_INFO = NO;
				SDKROOT = iphoneos;
				VALIDATE_PRODUCT = YES;
			};
			name = Release;
		};
		2DA98DFF19E1DB4800A6A7C1 /* Debug */ = {
			isa = XCBuildConfiguration;
			buildSettings = {
				ASSETCATALOG_COMPILER_APPICON_NAME = AppIcon;
				INFOPLIST_FILE = Panorific/Info.plist;
				LD_RUNPATH_SEARCH_PATHS = "$(inherited) @executable_path/Frameworks";
				PRODUCT_BUNDLE_IDENTIFIER = "com.najidmeiri.$(PRODUCT_NAME:rfc1034identifier)";
				PRODUCT_NAME = "$(TARGET_NAME)";
			};
			name = Debug;
		};
		2DA98E0019E1DB4800A6A7C1 /* Release */ = {
			isa = XCBuildConfiguration;
			buildSettings = {
				ASSETCATALOG_COMPILER_APPICON_NAME = AppIcon;
				INFOPLIST_FILE = Panorific/Info.plist;
				LD_RUNPATH_SEARCH_PATHS = "$(inherited) @executable_path/Frameworks";
				PRODUCT_BUNDLE_IDENTIFIER = "com.najidmeiri.$(PRODUCT_NAME:rfc1034identifier)";
				PRODUCT_NAME = "$(TARGET_NAME)";
			};
			name = Release;
		};
		2DA98E0219E1DB4800A6A7C1 /* Debug */ = {
			isa = XCBuildConfiguration;
			buildSettings = {
				BUNDLE_LOADER = "$(TEST_HOST)";
				FRAMEWORK_SEARCH_PATHS = (
					"$(SDKROOT)/Developer/Library/Frameworks",
					"$(inherited)",
				);
				GCC_PREPROCESSOR_DEFINITIONS = (
					"DEBUG=1",
					"$(inherited)",
				);
				INFOPLIST_FILE = PanorificTests/Info.plist;
				LD_RUNPATH_SEARCH_PATHS = "$(inherited) @executable_path/Frameworks @loader_path/Frameworks";
				PRODUCT_BUNDLE_IDENTIFIER = "com.najidmeiri.$(PRODUCT_NAME:rfc1034identifier)";
				PRODUCT_NAME = "$(TARGET_NAME)";
				TEST_HOST = "$(BUILT_PRODUCTS_DIR)/Panorific.app/Panorific";
			};
			name = Debug;
		};
		2DA98E0319E1DB4800A6A7C1 /* Release */ = {
			isa = XCBuildConfiguration;
			buildSettings = {
				BUNDLE_LOADER = "$(TEST_HOST)";
				FRAMEWORK_SEARCH_PATHS = (
					"$(SDKROOT)/Developer/Library/Frameworks",
					"$(inherited)",
				);
				INFOPLIST_FILE = PanorificTests/Info.plist;
				LD_RUNPATH_SEARCH_PATHS = "$(inherited) @executable_path/Frameworks @loader_path/Frameworks";
				PRODUCT_BUNDLE_IDENTIFIER = "com.najidmeiri.$(PRODUCT_NAME:rfc1034identifier)";
				PRODUCT_NAME = "$(TARGET_NAME)";
				TEST_HOST = "$(BUILT_PRODUCTS_DIR)/Panorific.app/Panorific";
			};
			name = Release;
		};
/* End XCBuildConfiguration section */

/* Begin XCConfigurationList section */
		2DA98DDA19E1DB4800A6A7C1 /* Build configuration list for PBXProject "Panorific" */ = {
			isa = XCConfigurationList;
			buildConfigurations = (
				2DA98DFC19E1DB4800A6A7C1 /* Debug */,
				2DA98DFD19E1DB4800A6A7C1 /* Release */,
			);
			defaultConfigurationIsVisible = 0;
			defaultConfigurationName = Release;
		};
		2DA98DFE19E1DB4800A6A7C1 /* Build configuration list for PBXNativeTarget "Panorific" */ = {
			isa = XCConfigurationList;
			buildConfigurations = (
				2DA98DFF19E1DB4800A6A7C1 /* Debug */,
				2DA98E0019E1DB4800A6A7C1 /* Release */,
			);
			defaultConfigurationIsVisible = 0;
			defaultConfigurationName = Release;
		};
		2DA98E0119E1DB4800A6A7C1 /* Build configuration list for PBXNativeTarget "PanorificTests" */ = {
			isa = XCConfigurationList;
			buildConfigurations = (
				2DA98E0219E1DB4800A6A7C1 /* Debug */,
				2DA98E0319E1DB4800A6A7C1 /* Release */,
			);
			defaultConfigurationIsVisible = 0;
			defaultConfigurationName = Release;
		};
/* End XCConfigurationList section */
	};
	rootObject = 2DA98DD719E1DB4800A6A7C1 /* Project object */;
}
